Microsoft Visual Studio Solution File, Format Version 12.00
# Visual Studio Version 17
VisualStudioVersion = 17.5.2.0
MinimumVisualStudioVersion = 10.0.40219.1
Project("{FAE04EC0-301F-11D3-BF4B-00C04F79EFBC}") = "progetto01", "progetto01\progetto01.csproj", "{5667CDFD-C7FC-A530-6FF3-F289879FA2FB}"
EndProject
Global
	GlobalSection(SolutionConfigurationPlatforms) = preSolution
		Debug|Any CPU = Debug|Any CPU
		Release|Any CPU = Release|Any CPU
	EndGlobalSection
	GlobalSection(ProjectConfigurationPlatforms) = postSolution
		{5667CDFD-C7FC-A530-6FF3-F289879FA2FB}.Debug|Any CPU.ActiveCfg = Debug|Any CPU
		{5667CDFD-C7FC-A530-6FF3-F289879FA2FB}.Debug|Any CPU.Build.0 = Debug|Any CPU
		{5667CDFD-C7FC-A530-6FF3-F289879FA2FB}.Release|Any CPU.ActiveCfg = Release|Any CPU
		{5667CDFD-C7FC-A530-6FF3-F289879FA2FB}.Release|Any CPU.Build.0 = Release|Any CPU
	EndGlobalSection
	GlobalSection(SolutionProperties) = preSolution
		HideSolutionNode = FALSE
	EndGlobalSection
	GlobalSection(ExtensibilityGlobals) = postSolution
		SolutionGuid = {2898FF30-7218-456E-9627-BAA6618D5D9C}
	EndGlobalSection
EndGlobal
